lockfileVersion: '9.0'

settings:
  autoInstallPeers: true
  excludeLinksFromLockfile: false

importers:

  .:
    devDependencies:
      cargo-cp-artifact:
        specifier: ^0.1.9
        version: 0.1.9

packages:

  cargo-cp-artifact@0.1.9:
    resolution: {integrity: sha512-6F+UYzTaGB+awsTXg0uSJA1/b/B3DDJzpKVRu0UmyI7DmNeaAl2RFHuTGIN6fEgpadRxoXGb7gbC1xo4C3IdyA==}
    hasBin: true

snapshots:

  cargo-cp-artifact@0.1.9: {}
